<?xml version="1.0" encoding="utf-8"?>
<Project ToolsVersion="4.0" xmlns="http://schemas.microsoft.com/developer/msbuild/2003">
  <ItemGroup>
    <Filter Include="Source Files">
      <UniqueIdentifier>{4FC737F1-C7A5-4376-A066-2A32D752A2FF}</UniqueIdentifier>
      <Extensions>cpp;c;cc;cxx;c++;cppm;ixx;def;odl;idl;hpj;bat;asm;asmx</Extensions>
    </Filter>
    <Filter Include="Header Files">
      <UniqueIdentifier>{93995380-89BD-4b04-88EB-625FBE52EBFB}</UniqueIdentifier>
      <Extensions>h;hh;hpp;hxx;h++;hm;inl;inc;ipp;xsd</Extensions>
    </Filter>
    <Filter Include="Resource Files">
      <UniqueIdentifier>{67DA6AB6-F800-4c08-8B7A-83BB121AAD01}</UniqueIdentifier>
      <Extensions>rc;ico;cur;bmp;dlg;rc2;rct;bin;rgs;gif;jpg;jpeg;jpe;resx;tiff;tif;png;wav;mfcribbon-ms</Extensions>
    </Filter>
    <Filter Include="Header Files\Layer Types">
      <UniqueIdentifier>{0ece45a0-e5ef-4d85-ae87-6b1e263c2022}</UniqueIdentifier>
    </Filter>
    <Filter Include="Header Files\Util Functions">
      <UniqueIdentifier>{2da88cbc-bcca-4502-933b-1b9e46e5d7ca}</UniqueIdentifier>
    </Filter>
    <Filter Include="Source Files\Layer Types">
      <UniqueIdentifier>{abae6a43-4979-422e-adb9-37ebcce39594}</UniqueIdentifier>
    </Filter>
  </ItemGroup>
  <ItemGroup>
    <ClInclude Include="Activation.h">
      <Filter>Header Files\Util Functions</Filter>
    </ClInclude>
    <ClInclude Include="NeuralNetwork.h">
      <Filter>Header Files</Filter>
    </ClInclude>
    <ClInclude Include="Layer.h">
      <Filter>Header Files\Layer Types</Filter>
    </ClInclude>
    <ClInclude Include="ConvolutionalLayer.h">
      <Filter>Header Files\Layer Types</Filter>
    </ClInclude>
  </ItemGroup>
  <ItemGroup>
    <ClCompile Include="test.cpp" />
    <ClCompile Include="Activation.cpp">
      <Filter>Source Files</Filter>
    </ClCompile>
    <ClCompile Include="DenseLayer.cpp">
      <Filter>Source Files\Layer Types</Filter>
    </ClCompile>
    <ClCompile Include="NeuralNetwork.cpp">
      <Filter>Source Files</Filter>
    </ClCompile>
    <ClCompile Include="DenseLayer.h">
      <Filter>Header Files\Layer Types</Filter>
    </ClCompile>
  </ItemGroup>
</Project>